PODS:
  - Alamofire (4.7.0)
  - Firebase/Auth (4.11.0):
    - Firebase/Core
    - FirebaseAuth (= 4.5.0)
  - Firebase/Core (4.11.0):
    - FirebaseAnalytics (= 4.1.0)
    - FirebaseCore (= 4.0.18)
  - FirebaseAnalytics (4.1.0):
    - FirebaseCore (~> 4.0)
    - FirebaseInstanceID (~> 2.0)
    - GoogleToolboxForMac/NSData+zlib (~> 2.1)
    - nanopb (~> 0.3)
  - FirebaseAuth (4.5.0):
    - FirebaseAnalytics (~> 4.1)
    - GoogleToolboxForMac/NSDictionary+URLArguments (~> 2.1)
    - GTMSessionFetcher/Core (~> 1.1)
  - FirebaseCore (4.0.18):
    - GoogleToolboxForMac/NSData+zlib (~> 2.1)
  - FirebaseInstanceID (2.0.10):
    - FirebaseCore (~> 4.0)
  - GoogleToolboxForMac/DebugUtils (2.1.3):
    - GoogleToolboxForMac/Defines (= 2.1.3)
  - GoogleToolboxForMac/Defines (2.1.3)
  - GoogleToolboxForMac/NSData+zlib (2.1.3):
    - GoogleToolboxForMac/Defines (= 2.1.3)
  - GoogleToolboxForMac/NSDictionary+URLArguments (2.1.3):
    - GoogleToolboxForMac/DebugUtils (= 2.1.3)
    - GoogleToolboxForMac/Defines (= 2.1.3)
    - GoogleToolboxForMac/NSString+URLArguments (= 2.1.3)
  - GoogleToolboxForMac/NSString+URLArguments (2.1.3)
  - GTMSessionFetcher/Core (1.1.14)
  - IQKeyboardManagerSwift (5.0.0)
  - Koloda (4.3.1):
    - pop (~> 1.0)
  - MaterialComponents/AnimationTiming (48.0.0)
  - MaterialComponents/Buttons (48.0.0):
    - MaterialComponents/Ink
    - MaterialComponents/private/Math
    - MaterialComponents/ShadowElevations
    - MaterialComponents/ShadowLayer
    - MaterialComponents/Typography
    - MDFInternationalization
    - MDFTextAccessibility
  - MaterialComponents/Cards (48.0.0):
    - MaterialComponents/Ink
    - MaterialComponents/private/Icons/ic_check_circle
    - MaterialComponents/private/Math
    - MaterialComponents/ShadowLayer
  - MaterialComponents/Ink (48.0.0):
    - MaterialComponents/private/Math
  - MaterialComponents/Palettes (48.0.0)
  - MaterialComponents/private/Application (48.0.0)
  - MaterialComponents/private/Icons/Base (48.0.0)
  - MaterialComponents/private/Icons/ic_check_circle (48.0.0):
    - MaterialComponents/private/Icons/Base
  - MaterialComponents/private/Math (48.0.0)
  - MaterialComponents/ShadowElevations (48.0.0)
  - MaterialComponents/ShadowLayer (48.0.0):
    - MaterialComponents/ShadowElevations
  - MaterialComponents/TextFields (48.0.0):
    - MaterialComponents/AnimationTiming
    - MaterialComponents/Palettes
    - MaterialComponents/private/Math
    - MaterialComponents/Typography
    - MDFInternationalization
  - MaterialComponents/Typography (48.0.0):
    - MaterialComponents/private/Application
  - MDFInternationalization (1.0.4)
  - MDFTextAccessibility (1.2.0)
  - nanopb (0.3.8):
    - nanopb/decode (= 0.3.8)
    - nanopb/encode (= 0.3.8)
  - nanopb/decode (0.3.8)
  - nanopb/encode (0.3.8)
  - pop (1.0.10)
  - RxCocoa (4.1.2):
    - RxSwift (~> 4.0)
  - RxSwift (4.1.2)
  - SDWebImage (4.3.3):
    - SDWebImage/Core (= 4.3.3)
  - SDWebImage/Core (4.3.3)
  - Toaster (2.1.1)

DEPENDENCIES:
  - Alamofire (~> 4.7)
  - Firebase/Auth
  - Firebase/Core
  - IQKeyboardManagerSwift (= 5.0.0)
  - Koloda (~> 4.3.1)
  - MaterialComponents/Buttons
  - MaterialComponents/Cards
  - MaterialComponents/TextFields
  - RxCocoa (~> 4.0)
  - RxSwift (~> 4.0)
  - SDWebImage (~> 4.0)
  - Toaster

SPEC CHECKSUMS:
  Alamofire: 907e0a98eb68cdb7f9d1f541a563d6ac5dc77b25
  Firebase: cc13dfab1038c8b45d7903e01fc690451d6d0b24
  FirebaseAnalytics: 3dfae28d4a5e06f86c4fae830efc2ad3fadb19bc
  FirebaseAuth: 147bf340a0706b44ca1753d6b41ebafd9687cfe6
  FirebaseCore: b981f47e5254cbcfdeb483355300d743f6fcab2c
  FirebaseInstanceID: 8d20d890d65c917f9f7d9950b6e10a760ad34321
  GoogleToolboxForMac: 2501e2ad72a52eb3dfe7bd9aee7dad11b858bd20
  GTMSessionFetcher: 390ea358e5a0d0133153806f744662dad933d06b
  IQKeyboardManagerSwift: 3f340202ebe1a7076279b9b9b3c817243ddb3aab
  Koloda: 0d39b2aa188ccd1fac48d752acaf9802e683c625
  MaterialComponents: 540ef387fee311a1b4b3ccec93d4db6db35d24bf
  MDFInternationalization: e355b0cebecf53d60233bd267084e49366c82513
  MDFTextAccessibility: 94098925e0853551c5a311ce7c1ecefbe297cdb6
  nanopb: 5601e6bca2dbf1ed831b519092ec110f66982ca3
  pop: 82ca6b068ce9278fd350fd9dd09482a0ce9492e6
  RxCocoa: d88ba0f1f6abf040011a9eb4b539324fc426843a
  RxSwift: e49536837d9901277638493ea537394d4b55f570
  SDWebImage: de4d90b5bff3571eae7bd16202b1f43135409fa5
  Toaster: a6c9532de1ded8105e77376f7dffeb2e12b46dbb

PODFILE CHECKSUM: eec1613c6c43d220ea0ef62ea03767cee52f0c30

COCOAPODS: 1.2.1
