PODS:
  - Alamofire (4.7.0)
  - IQKeyboardManagerSwift (5.0.0)
  - MaterialComponents/AnimationTiming (48.0.0)
  - MaterialComponents/Buttons (48.0.0):
    - MaterialComponents/Ink
    - MaterialComponents/private/Math
    - MaterialComponents/ShadowElevations
    - MaterialComponents/ShadowLayer
    - MaterialComponents/Typography
    - MDFInternationalization
    - MDFTextAccessibility
  - MaterialComponents/Cards (48.0.0):
    - MaterialComponents/Ink
    - MaterialComponents/private/Icons/ic_check_circle
    - MaterialComponents/private/Math
    - MaterialComponents/ShadowLayer
  - MaterialComponents/Ink (48.0.0):
    - MaterialComponents/private/Math
  - MaterialComponents/Palettes (48.0.0)
  - MaterialComponents/private/Application (48.0.0)
  - MaterialComponents/private/Icons/Base (48.0.0)
  - MaterialComponents/private/Icons/ic_check_circle (48.0.0):
    - MaterialComponents/private/Icons/Base
  - MaterialComponents/private/Math (48.0.0)
  - MaterialComponents/ShadowElevations (48.0.0)
  - MaterialComponents/ShadowLayer (48.0.0):
    - MaterialComponents/ShadowElevations
  - MaterialComponents/TextFields (48.0.0):
    - MaterialComponents/AnimationTiming
    - MaterialComponents/Palettes
    - MaterialComponents/private/Math
    - MaterialComponents/Typography
    - MDFInternationalization
  - MaterialComponents/Typography (48.0.0):
    - MaterialComponents/private/Application
  - MDFInternationalization (1.0.4)
  - MDFTextAccessibility (1.2.0)
  - RxCocoa (4.1.2):
    - RxSwift (~> 4.0)
  - RxSwift (4.1.2)
  - SDWebImage (4.3.3):
    - SDWebImage/Core (= 4.3.3)
  - SDWebImage/Core (4.3.3)

DEPENDENCIES:
  - Alamofire (~> 4.7)
  - IQKeyboardManagerSwift (= 5.0.0)
  - MaterialComponents/Buttons
  - MaterialComponents/Cards
  - MaterialComponents/TextFields
  - RxCocoa (~> 4.0)
  - RxSwift (~> 4.0)
  - SDWebImage (~> 4.0)

SPEC CHECKSUMS:
  Alamofire: 907e0a98eb68cdb7f9d1f541a563d6ac5dc77b25
  IQKeyboardManagerSwift: 3f340202ebe1a7076279b9b9b3c817243ddb3aab
  MaterialComponents: 540ef387fee311a1b4b3ccec93d4db6db35d24bf
  MDFInternationalization: e355b0cebecf53d60233bd267084e49366c82513
  MDFTextAccessibility: 94098925e0853551c5a311ce7c1ecefbe297cdb6
  RxCocoa: d88ba0f1f6abf040011a9eb4b539324fc426843a
  RxSwift: e49536837d9901277638493ea537394d4b55f570
  SDWebImage: de4d90b5bff3571eae7bd16202b1f43135409fa5

PODFILE CHECKSUM: a14c9a3418b314a6845e79154db3c387d5a5d994

COCOAPODS: 1.2.1
